
Microsoft Visual Studio Solution File, Format Version 12.00
# Visual Studio Version 17
VisualStudioVersion = 17.1.32228.430
MinimumVisualStudioVersion = 10.0.40219.1
Project("{9A19103F-16F7-4668-BE54-9A1E7A4F7556}") = "Core", "Nikan.Services\src\Core\Core.csproj", "{57CA7B5A-F372-4F4E-B485-D3132903B5E6}"
EndProject
Project("{9A19103F-16F7-4668-BE54-9A1E7A4F7556}") = "Infrastructure", "Nikan.Services\src\Infrastructure\Infrastructure.csproj", "{48B4B9EF-3DE9-4DB7-9E08-D69DF067DEDC}"
EndProject
Project("{9A19103F-16F7-4668-BE54-9A1E7A4F7556}") = "SharedKernel", "Nikan.Services\src\SharedKernel\SharedKernel.csproj", "{65A367E0-DD6A-4CA9-8C52-720278785A45}"
EndProject
Project("{9A19103F-16F7-4668-BE54-9A1E7A4F7556}") = "FunctionalTests", "Nikan.Services\tests\FunctionalTests\FunctionalTests.csproj", "{B0278BD0-41A7-43C9-8AAD-15C2CEFC446D}"
EndProject
Project("{9A19103F-16F7-4668-BE54-9A1E7A4F7556}") = "IntegrationTests", "Nikan.Services\tests\IntegrationTests\IntegrationTests.csproj", "{2AEBD68A-8E9E-4FDF-AD65-C57087EAFDD6}"
EndProject
Project("{9A19103F-16F7-4668-BE54-9A1E7A4F7556}") = "UnitTests", "Nikan.Services\tests\UnitTests\UnitTests.csproj", "{43E4270C-8825-4B9C-A52F-F4CB7258E823}"
EndProject
Project("{2150E333-8FDC-42A3-9474-1A3956D46DE8}") = "test", "test", "{D6F361DF-C532-4EC8-9E5A-09CD97DBFD00}"
EndProject
Project("{9A19103F-16F7-4668-BE54-9A1E7A4F7556}") = "WebApi", "Nikan.Services\src\WebApi\WebApi.csproj", "{7743A6CA-C8AA-4471-AB29-49EBE284E4FE}"
EndProject
Project("{E53339B2-1760-4266-BCC7-CA923CBCF16C}") = "docker-compose", "docker-compose.dcproj", "{2B35BCC5-5A72-47BF-A1D3-D4CD30200617}"
EndProject
Global
	GlobalSection(SolutionConfigurationPlatforms) = preSolution
		Debug|Any CPU = Debug|Any CPU
		Release|Any CPU = Release|Any CPU
	EndGlobalSection
	GlobalSection(ProjectConfigurationPlatforms) = postSolution
		{57CA7B5A-F372-4F4E-B485-D3132903B5E6}.Debug|Any CPU.ActiveCfg = Debug|Any CPU
		{57CA7B5A-F372-4F4E-B485-D3132903B5E6}.Debug|Any CPU.Build.0 = Debug|Any CPU
		{57CA7B5A-F372-4F4E-B485-D3132903B5E6}.Release|Any CPU.ActiveCfg = Release|Any CPU
		{57CA7B5A-F372-4F4E-B485-D3132903B5E6}.Release|Any CPU.Build.0 = Release|Any CPU
		{48B4B9EF-3DE9-4DB7-9E08-D69DF067DEDC}.Debug|Any CPU.ActiveCfg = Debug|Any CPU
		{48B4B9EF-3DE9-4DB7-9E08-D69DF067DEDC}.Debug|Any CPU.Build.0 = Debug|Any CPU
		{48B4B9EF-3DE9-4DB7-9E08-D69DF067DEDC}.Release|Any CPU.ActiveCfg = Release|Any CPU
		{48B4B9EF-3DE9-4DB7-9E08-D69DF067DEDC}.Release|Any CPU.Build.0 = Release|Any CPU
		{65A367E0-DD6A-4CA9-8C52-720278785A45}.Debug|Any CPU.ActiveCfg = Debug|Any CPU
		{65A367E0-DD6A-4CA9-8C52-720278785A45}.Debug|Any CPU.Build.0 = Debug|Any CPU
		{65A367E0-DD6A-4CA9-8C52-720278785A45}.Release|Any CPU.ActiveCfg = Release|Any CPU
		{65A367E0-DD6A-4CA9-8C52-720278785A45}.Release|Any CPU.Build.0 = Release|Any CPU
		{B0278BD0-41A7-43C9-8AAD-15C2CEFC446D}.Debug|Any CPU.ActiveCfg = Debug|Any CPU
		{B0278BD0-41A7-43C9-8AAD-15C2CEFC446D}.Debug|Any CPU.Build.0 = Debug|Any CPU
		{B0278BD0-41A7-43C9-8AAD-15C2CEFC446D}.Release|Any CPU.ActiveCfg = Release|Any CPU
		{B0278BD0-41A7-43C9-8AAD-15C2CEFC446D}.Release|Any CPU.Build.0 = Release|Any CPU
		{2AEBD68A-8E9E-4FDF-AD65-C57087EAFDD6}.Debug|Any CPU.ActiveCfg = Debug|Any CPU
		{2AEBD68A-8E9E-4FDF-AD65-C57087EAFDD6}.Debug|Any CPU.Build.0 = Debug|Any CPU
		{2AEBD68A-8E9E-4FDF-AD65-C57087EAFDD6}.Release|Any CPU.ActiveCfg = Release|Any CPU
		{2AEBD68A-8E9E-4FDF-AD65-C57087EAFDD6}.Release|Any CPU.Build.0 = Release|Any CPU
		{43E4270C-8825-4B9C-A52F-F4CB7258E823}.Debug|Any CPU.ActiveCfg = Debug|Any CPU
		{43E4270C-8825-4B9C-A52F-F4CB7258E823}.Debug|Any CPU.Build.0 = Debug|Any CPU
		{43E4270C-8825-4B9C-A52F-F4CB7258E823}.Release|Any CPU.ActiveCfg = Release|Any CPU
		{43E4270C-8825-4B9C-A52F-F4CB7258E823}.Release|Any CPU.Build.0 = Release|Any CPU
		{7743A6CA-C8AA-4471-AB29-49EBE284E4FE}.Debug|Any CPU.ActiveCfg = Debug|Any CPU
		{7743A6CA-C8AA-4471-AB29-49EBE284E4FE}.Debug|Any CPU.Build.0 = Debug|Any CPU
		{7743A6CA-C8AA-4471-AB29-49EBE284E4FE}.Release|Any CPU.ActiveCfg = Release|Any CPU
		{7743A6CA-C8AA-4471-AB29-49EBE284E4FE}.Release|Any CPU.Build.0 = Release|Any CPU
		{2B35BCC5-5A72-47BF-A1D3-D4CD30200617}.Debug|Any CPU.ActiveCfg = Debug|Any CPU
		{2B35BCC5-5A72-47BF-A1D3-D4CD30200617}.Debug|Any CPU.Build.0 = Debug|Any CPU
		{2B35BCC5-5A72-47BF-A1D3-D4CD30200617}.Release|Any CPU.ActiveCfg = Release|Any CPU
		{2B35BCC5-5A72-47BF-A1D3-D4CD30200617}.Release|Any CPU.Build.0 = Release|Any CPU
	EndGlobalSection
	GlobalSection(SolutionProperties) = preSolution
		HideSolutionNode = FALSE
	EndGlobalSection
	GlobalSection(NestedProjects) = preSolution
		{B0278BD0-41A7-43C9-8AAD-15C2CEFC446D} = {D6F361DF-C532-4EC8-9E5A-09CD97DBFD00}
		{2AEBD68A-8E9E-4FDF-AD65-C57087EAFDD6} = {D6F361DF-C532-4EC8-9E5A-09CD97DBFD00}
		{43E4270C-8825-4B9C-A52F-F4CB7258E823} = {D6F361DF-C532-4EC8-9E5A-09CD97DBFD00}
	EndGlobalSection
	GlobalSection(ExtensibilityGlobals) = postSolution
		SolutionGuid = {B17415DA-2037-4513-ABCC-EAB0A07463DA}
	EndGlobalSection
EndGlobal
